
Microsoft Visual Studio Solution File, Format Version 12.00
# Visual Studio Version 17
VisualStudioVersion = 17.13.35825.156 d17.13
MinimumVisualStudioVersion = 10.0.40219.1
Project("{FAE04EC0-301F-11D3-BF4B-00C04F79EFBC}") = "Pergunta02", "Pergunta02.csproj", "{F54E2191-8BD0-4D48-AC05-1B2FCD9ACBCC}"
EndProject
Global
	GlobalSection(SolutionConfigurationPlatforms) = preSolution
		Debug|Any CPU = Debug|Any CPU
		Release|Any CPU = Release|Any CPU
	EndGlobalSection
	GlobalSection(ProjectConfigurationPlatforms) = postSolution
		{F54E2191-8BD0-4D48-AC05-1B2FCD9ACBCC}.Debug|Any CPU.ActiveCfg = Debug|Any CPU
		{F54E2191-8BD0-4D48-AC05-1B2FCD9ACBCC}.Debug|Any CPU.Build.0 = Debug|Any CPU
		{F54E2191-8BD0-4D48-AC05-1B2FCD9ACBCC}.Release|Any CPU.ActiveCfg = Release|Any CPU
		{F54E2191-8BD0-4D48-AC05-1B2FCD9ACBCC}.Release|Any CPU.Build.0 = Release|Any CPU
	EndGlobalSection
	GlobalSection(SolutionProperties) = preSolution
		HideSolutionNode = FALSE
	EndGlobalSection
	GlobalSection(ExtensibilityGlobals) = postSolution
		SolutionGuid = {CF5E402C-912D-4A5E-8F77-280716D59569}
	EndGlobalSection
EndGlobal
